// !$*UTF8*$!
{
	archiveVersion = 1;
	classes = {
	};
	objectVersion = 55;
	objects = {

/* Begin PBXBuildFile section */
		EA78818027C88FEC00E3A712 /* AppDelegate.swift in Sources */ = {isa = PBXBuildFile; fileRef = EA78817F27C88FEC00E3A712 /* AppDelegate.swift */; };
		EA78818227C88FEC00E3A712 /* SceneDelegate.swift in Sources */ = {isa = PBXBuildFile; fileRef = EA78818127C88FEC00E3A712 /* SceneDelegate.swift */; };
		EA78818427C88FEC00E3A712 /* ViewController.swift in Sources */ = {isa = PBXBuildFile; fileRef = EA78818327C88FEC00E3A712 /* ViewController.swift */; };
		EA78818727C88FEC00E3A712 /* Main.storyboard in Resources */ = {isa = PBXBuildFile; fileRef = EA78818527C88FEC00E3A712 /* Main.storyboard */; };
		EA78818927C88FEE00E3A712 /* Assets.xcassets in Resources */ = {isa = PBXBuildFile; fileRef = EA78818827C88FEE00E3A712 /* Assets.xcassets */; };
		EA78818C27C88FEE00E3A712 /* LaunchScreen.storyboard in Resources */ = {isa = PBXBuildFile; fileRef = EA78818A27C88FEE00E3A712 /* LaunchScreen.storyboard */; };
		EA78819727C88FEF00E3A712 /* FlixTests.swift in Sources */ = {isa = PBXBuildFile; fileRef = EA78819627C88FEF00E3A712 /* FlixTests.swift */; };
		EA7881A127C88FEF00E3A712 /* FlixUITests.swift in Sources */ = {isa = PBXBuildFile; fileRef = EA7881A027C88FEF00E3A712 /* FlixUITests.swift */; };
		EA7881A327C88FEF00E3A712 /* FlixUITestsLaunchTests.swift in Sources */ = {isa = PBXBuildFile; fileRef = EA7881A227C88FEF00E3A712 /* FlixUITestsLaunchTests.swift */; };
		EA99037C27C9C99C00A46F39 /* MovieCell.swift in Sources */ = {isa = PBXBuildFile; fileRef = EA99037B27C9C99C00A46F39 /* MovieCell.swift */; };
		EA99037F27C9E70E00A46F39 /* AlamofireImage in Frameworks */ = {isa = PBXBuildFile; productRef = EA99037E27C9E70E00A46F39 /* AlamofireImage */; };
		EAA86EF527CC7E1500D1A480 /* MovieDetailsViewController.swift in Sources */ = {isa = PBXBuildFile; fileRef = EAA86EF427CC7E1500D1A480 /* MovieDetailsViewController.swift */; };
/* End PBXBuildFile section */

/* Begin PBXContainerItemProxy section */
		EA78819327C88FEF00E3A712 /* PBXContainerItemProxy */ = {
			isa = PBXContainerItemProxy;
			containerPortal = EA78817427C88FEB00E3A712 /* Project object */;
			proxyType = 1;
			remoteGlobalIDString = EA78817B27C88FEC00E3A712;
			remoteInfo = Flix;
		};
		EA78819D27C88FEF00E3A712 /* PBXContainerItemProxy */ = {
			isa = PBXContainerItemProxy;
			containerPortal = EA78817427C88FEB00E3A712 /* Project object */;
			proxyType = 1;
			remoteGlobalIDString = EA78817B27C88FEC00E3A712;
			remoteInfo = Flix;
		};
/* End PBXContainerItemProxy section */

/* Begin PBXFileReference section */
		EA78817C27C88FEC00E3A712 /* Flix.app */ = {isa = PBXFileReference; explicitFileType = wrapper.application; includeInIndex = 0; path = Flix.app; sourceTree = BUILT_PRODUCTS_DIR; };
		EA78817F27C88FEC00E3A712 /* AppDelegate.swift */ = {isa = PBXFileReference; lastKnownFileType = sourcecode.swift; path = AppDelegate.swift; sourceTree = "<group>"; };
		EA78818127C88FEC00E3A712 /* SceneDelegate.swift */ = {isa = PBXFileReference; lastKnownFileType = sourcecode.swift; path = SceneDelegate.swift; sourceTree = "<group>"; };
		EA78818327C88FEC00E3A712 /* ViewController.swift */ = {isa = PBXFileReference; lastKnownFileType = sourcecode.swift; path = ViewController.swift; sourceTree = "<group>"; };
		EA78818627C88FEC00E3A712 /* Base */ = {isa = PBXFileReference; lastKnownFileType = file.storyboard; name = Base; path = Base.lproj/Main.storyboard; sourceTree = "<group>"; };
		EA78818827C88FEE00E3A712 /* Assets.xcassets */ = {isa = PBXFileReference; lastKnownFileType = folder.assetcatalog; path = Assets.xcassets; sourceTree = "<group>"; };
		EA78818B27C88FEE00E3A712 /* Base */ = {isa = PBXFileReference; lastKnownFileType = file.storyboard; name = Base; path = Base.lproj/LaunchScreen.storyboard; sourceTree = "<group>"; };
		EA78818D27C88FEE00E3A712 /* Info.plist */ = {isa = PBXFileReference; lastKnownFileType = text.plist.xml; path = Info.plist; sourceTree = "<group>"; };
		EA78819227C88FEF00E3A712 /* FlixTests.xctest */ = {isa = PBXFileReference; explicitFileType = wrapper.cfbundle; includeInIndex = 0; path = FlixTests.xctest; sourceTree = BUILT_PRODUCTS_DIR; };
		EA78819627C88FEF00E3A712 /* FlixTests.swift */ = {isa = PBXFileReference; lastKnownFileType = sourcecode.swift; path = FlixTests.swift; sourceTree = "<group>"; };
		EA78819C27C88FEF00E3A712 /* FlixUITests.xctest */ = {isa = PBXFileReference; explicitFileType = wrapper.cfbundle; includeInIndex = 0; path = FlixUITests.xctest; sourceTree = BUILT_PRODUCTS_DIR; };
		EA7881A027C88FEF00E3A712 /* FlixUITests.swift */ = {isa = PBXFileReference; lastKnownFileType = sourcecode.swift; path = FlixUITests.swift; sourceTree = "<group>"; };
		EA7881A227C88FEF00E3A712 /* FlixUITestsLaunchTests.swift */ = {isa = PBXFileReference; lastKnownFileType = sourcecode.swift; path = FlixUITestsLaunchTests.swift; sourceTree = "<group>"; };
		EA99037B27C9C99C00A46F39 /* MovieCell.swift */ = {isa = PBXFileReference; lastKnownFileType = sourcecode.swift; path = MovieCell.swift; sourceTree = "<group>"; };
		EAA86EF427CC7E1500D1A480 /* MovieDetailsViewController.swift */ = {isa = PBXFileReference; lastKnownFileType = sourcecode.swift; path = MovieDetailsViewController.swift; sourceTree = "<group>"; };
/* End PBXFileReference section */

/* Begin PBXFrameworksBuildPhase section */
		EA78817927C88FEC00E3A712 /* Frameworks */ = {
			isa = PBXFrameworksBuildPhase;
			buildActionMask = 2147483647;
			files = (
				EA99037F27C9E70E00A46F39 /* AlamofireImage in Frameworks */,
			);
			runOnlyForDeploymentPostprocessing = 0;
		};
		EA78818F27C88FEF00E3A712 /* Frameworks */ = {
			isa = PBXFrameworksBuildPhase;
			buildActionMask = 2147483647;
			files = (
			);
			runOnlyForDeploymentPostprocessing = 0;
		};
		EA78819927C88FEF00E3A712 /* Frameworks */ = {
			isa = PBXFrameworksBuildPhase;
			buildActionMask = 2147483647;
			files = (
			);
			runOnlyForDeploymentPostprocessing = 0;
		};
/* End PBXFrameworksBuildPhase section */

/* Begin PBXGroup section */
		EA78817327C88FEB00E3A712 = {
			isa = PBXGroup;
			children = (
				EA78817E27C88FEC00E3A712 /* Flix */,
				EA78819527C88FEF00E3A712 /* FlixTests */,
				EA78819F27C88FEF00E3A712 /* FlixUITests */,
				EA78817D27C88FEC00E3A712 /* Products */,
			);
			sourceTree = "<group>";
		};
		EA78817D27C88FEC00E3A712 /* Products */ = {
			isa = PBXGroup;
			children = (
				EA78817C27C88FEC00E3A712 /* Flix.app */,
				EA78819227C88FEF00E3A712 /* FlixTests.xctest */,
				EA78819C27C88FEF00E3A712 /* FlixUITests.xctest */,
			);
			name = Products;
			sourceTree = "<group>";
		};
		EA78817E27C88FEC00E3A712 /* Flix */ = {
			isa = PBXGroup;
			children = (
				EA78817F27C88FEC00E3A712 /* AppDelegate.swift */,
				EA78818127C88FEC00E3A712 /* SceneDelegate.swift */,
				EA78818327C88FEC00E3A712 /* ViewController.swift */,
				EA78818527C88FEC00E3A712 /* Main.storyboard */,
				EA99037B27C9C99C00A46F39 /* MovieCell.swift */,
				EA78818827C88FEE00E3A712 /* Assets.xcassets */,
				EA78818A27C88FEE00E3A712 /* LaunchScreen.storyboard */,
				EA78818D27C88FEE00E3A712 /* Info.plist */,
				EAA86EF427CC7E1500D1A480 /* MovieDetailsViewController.swift */,
			);
			path = Flix;
			sourceTree = "<group>";
		};
		EA78819527C88FEF00E3A712 /* FlixTests */ = {
			isa = PBXGroup;
			children = (
				EA78819627C88FEF00E3A712 /* FlixTests.swift */,
			);
			path = FlixTests;
			sourceTree = "<group>";
		};
		EA78819F27C88FEF00E3A712 /* FlixUITests */ = {
			isa = PBXGroup;
			children = (
				EA7881A027C88FEF00E3A712 /* FlixUITests.swift */,
				EA7881A227C88FEF00E3A712 /* FlixUITestsLaunchTests.swift */,
			);
			path = FlixUITests;
			sourceTree = "<group>";
		};
/* End PBXGroup section */

/* Begin PBXNativeTarget section */
		EA78817B27C88FEC00E3A712 /* Flix */ = {
			isa = PBXNativeTarget;
			buildConfigurationList = EA7881A627C88FEF00E3A712 /* Build configuration list for PBXNativeTarget "Flix" */;
			buildPhases = (
				EA78817827C88FEC00E3A712 /* Sources */,
				EA78817927C88FEC00E3A712 /* Frameworks */,
				EA78817A27C88FEC00E3A712 /* Resources */,
			);
			buildRules = (
			);
			dependencies = (
			);
			name = Flix;
			packageProductDependencies = (
				EA99037E27C9E70E00A46F39 /* AlamofireImage */,
			);
			productName = Flix;
			productReference = EA78817C27C88FEC00E3A712 /* Flix.app */;
			productType = "com.apple.product-type.application";
		};
		EA78819127C88FEF00E3A712 /* FlixTests */ = {
			isa = PBXNativeTarget;
			buildConfigurationList = EA7881A927C88FEF00E3A712 /* Build configuration list for PBXNativeTarget "FlixTests" */;
			buildPhases = (
				EA78818E27C88FEF00E3A712 /* Sources */,
				EA78818F27C88FEF00E3A712 /* Frameworks */,
				EA78819027C88FEF00E3A712 /* Resources */,
			);
			buildRules = (
			);
			dependencies = (
				EA78819427C88FEF00E3A712 /* PBXTargetDependency */,
			);
			name = FlixTests;
			productName = FlixTests;
			productReference = EA78819227C88FEF00E3A712 /* FlixTests.xctest */;
			productType = "com.apple.product-type.bundle.unit-test";
		};
		EA78819B27C88FEF00E3A712 /* FlixUITests */ = {
			isa = PBXNativeTarget;
			buildConfigurationList = EA7881AC27C88FEF00E3A712 /* Build configuration list for PBXNativeTarget "FlixUITests" */;
			buildPhases = (
				EA78819827C88FEF00E3A712 /* Sources */,
				EA78819927C88FEF00E3A712 /* Frameworks */,
				EA78819A27C88FEF00E3A712 /* Resources */,
			);
			buildRules = (
			);
			dependencies = (
				EA78819E27C88FEF00E3A712 /* PBXTargetDependency */,
			);
			name = FlixUITests;
			productName = FlixUITests;
			productReference = EA78819C27C88FEF00E3A712 /* FlixUITests.xctest */;
			productType = "com.apple.product-type.bundle.ui-testing";
		};
/* End PBXNativeTarget section */

/* Begin PBXProject section */
		EA78817427C88FEB00E3A712 /* Project object */ = {
			isa = PBXProject;
			attributes = {
				BuildIndependentTargetsInParallel = 1;
				LastSwiftUpdateCheck = 1320;
				LastUpgradeCheck = 1320;
				TargetAttributes = {
					EA78817B27C88FEC00E3A712 = {
						CreatedOnToolsVersion = 13.2.1;
					};
					EA78819127C88FEF00E3A712 = {
						CreatedOnToolsVersion = 13.2.1;
						TestTargetID = EA78817B27C88FEC00E3A712;
					};
					EA78819B27C88FEF00E3A712 = {
						CreatedOnToolsVersion = 13.2.1;
						TestTargetID = EA78817B27C88FEC00E3A712;
					};
				};
			};
			buildConfigurationList = EA78817727C88FEB00E3A712 /* Build configuration list for PBXProject "Flix" */;
			compatibilityVersion = "Xcode 13.0";
			developmentRegion = en;
			hasScannedForEncodings = 0;
			knownRegions = (
				en,
				Base,
			);
			mainGroup = EA78817327C88FEB00E3A712;
			packageReferences = (
				EA99037D27C9E70E00A46F39 /* XCRemoteSwiftPackageReference "AlamofireImage" */,
			);
			productRefGroup = EA78817D27C88FEC00E3A712 /* Products */;
			projectDirPath = "";
			projectRoot = "";
			targets = (
				EA78817B27C88FEC00E3A712 /* Flix */,
				EA78819127C88FEF00E3A712 /* FlixTests */,
				EA78819B27C88FEF00E3A712 /* FlixUITests */,
			);
		};
/* End PBXProject section */

/* Begin PBXResourcesBuildPhase section */
		EA78817A27C88FEC00E3A712 /* Resources */ = {
			isa = PBXResourcesBuildPhase;
			buildActionMask = 2147483647;
			files = (
				EA78818C27C88FEE00E3A712 /* LaunchScreen.storyboard in Resources */,
				EA78818927C88FEE00E3A712 /* Assets.xcassets in Resources */,
				EA78818727C88FEC00E3A712 /* Main.storyboard in Resources */,
			);
			runOnlyForDeploymentPostprocessing = 0;
		};
		EA78819027C88FEF00E3A712 /* Resources */ = {
			isa = PBXResourcesBuildPhase;
			buildActionMask = 2147483647;
			files = (
			);
			runOnlyForDeploymentPostprocessing = 0;
		};
		EA78819A27C88FEF00E3A712 /* Resources */ = {
			isa = PBXResourcesBuildPhase;
			buildActionMask = 2147483647;
			files = (
			);
			runOnlyForDeploymentPostprocessing = 0;
		};
/* End PBXResourcesBuildPhase section */

/* Begin PBXSourcesBuildPhase section */
		EA78817827C88FEC00E3A712 /* Sources */ = {
			isa = PBXSourcesBuildPhase;
			buildActionMask = 2147483647;
			files = (
				EAA86EF527CC7E1500D1A480 /* MovieDetailsViewController.swift in Sources */,
				EA78818427C88FEC00E3A712 /* ViewController.swift in Sources */,
				EA78818027C88FEC00E3A712 /* AppDelegate.swift in Sources */,
				EA99037C27C9C99C00A46F39 /* MovieCell.swift in Sources */,
				EA78818227C88FEC00E3A712 /* SceneDelegate.swift in Sources */,
			);
			runOnlyForDeploymentPostprocessing = 0;
		};
		EA78818E27C88FEF00E3A712 /* Sources */ = {
			isa = PBXSourcesBuildPhase;
			buildActionMask = 2147483647;
			files = (
				EA78819727C88FEF00E3A712 /* FlixTests.swift in Sources */,
			);
			runOnlyForDeploymentPostprocessing = 0;
		};
		EA78819827C88FEF00E3A712 /* Sources */ = {
			isa = PBXSourcesBuildPhase;
			buildActionMask = 2147483647;
			files = (
				EA7881A127C88FEF00E3A712 /* FlixUITests.swift in Sources */,
				EA7881A327C88FEF00E3A712 /* FlixUITestsLaunchTests.swift in Sources */,
			);
			runOnlyForDeploymentPostprocessing = 0;
		};
/* End PBXSourcesBuildPhase section */

/* Begin PBXTargetDependency section */
		EA78819427C88FEF00E3A712 /* PBXTargetDependency */ = {
			isa = PBXTargetDependency;
			target = EA78817B27C88FEC00E3A712 /* Flix */;
			targetProxy = EA78819327C88FEF00E3A712 /* PBXContainerItemProxy */;
		};
		EA78819E27C88FEF00E3A712 /* PBXTargetDependency */ = {
			isa = PBXTargetDependency;
			target = EA78817B27C88FEC00E3A712 /* Flix */;
			targetProxy = EA78819D27C88FEF00E3A712 /* PBXContainerItemProxy */;
		};
/* End PBXTargetDependency section */

/* Begin PBXVariantGroup section */
		EA78818527C88FEC00E3A712 /* Main.storyboard */ = {
			isa = PBXVariantGroup;
			children = (
				EA78818627C88FEC00E3A712 /* Base */,
			);
			name = Main.storyboard;
			sourceTree = "<group>";
		};
		EA78818A27C88FEE00E3A712 /* LaunchScreen.storyboard */ = {
			isa = PBXVariantGroup;
			children = (
				EA78818B27C88FEE00E3A712 /* Base */,
			);
			name = LaunchScreen.storyboard;
			sourceTree = "<group>";
		};
/* End PBXVariantGroup section */

/* Begin XCBuildConfiguration section */
		EA7881A427C88FEF00E3A712 /* Debug */ = {
			isa = XCBuildConfiguration;
			buildSettings = {
				ALWAYS_SEARCH_USER_PATHS = NO;
				CLANG_ANALYZER_NONNULL = YES;
				CLANG_ANALYZER_NUMBER_OBJECT_CONVERSION = YES_AGGRESSIVE;
				CLANG_CXX_LANGUAGE_STANDARD = "gnu++17";
				CLANG_CXX_LIBRARY = "libc++";
				CLANG_ENABLE_MODULES = YES;
				CLANG_ENABLE_OBJC_ARC = YES;
				CLANG_ENABLE_OBJC_WEAK = YES;
				CLANG_WARN_BLOCK_CAPTURE_AUTORELEASING = YES;
				CLANG_WARN_BOOL_CONVERSION = YES;
				CLANG_WARN_COMMA = YES;
				CLANG_WARN_CONSTANT_CONVERSION = YES;
				CLANG_WARN_DEPRECATED_OBJC_IMPLEMENTATIONS = YES;
				CLANG_WARN_DIRECT_OBJC_ISA_USAGE = YES_ERROR;
				CLANG_WARN_DOCUMENTATION_COMMENTS = YES;
				CLANG_WARN_EMPTY_BODY = YES;
				CLANG_WARN_ENUM_CONVERSION = YES;
				CLANG_WARN_INFINITE_RECURSION = YES;
				CLANG_WARN_INT_CONVERSION = YES;
				CLANG_WARN_NON_LITERAL_NULL_CONVERSION = YES;
				CLANG_WARN_OBJC_IMPLICIT_RETAIN_SELF = YES;
				CLANG_WARN_OBJC_LITERAL_CONVERSION = YES;
				CLANG_WARN_OBJC_ROOT_CLASS = YES_ERROR;
				CLANG_WARN_QUOTED_INCLUDE_IN_FRAMEWORK_HEADER = YES;
				CLANG_WARN_RANGE_LOOP_ANALYSIS = YES;
				CLANG_WARN_STRICT_PROTOTYPES = YES;
				CLANG_WARN_SUSPICIOUS_MOVE = YES;
				CLANG_WARN_UNGUARDED_AVAILABILITY = YES_AGGRESSIVE;
				CLANG_WARN_UNREACHABLE_CODE = YES;
				CLANG_WARN__DUPLICATE_METHOD_MATCH = YES;
				COPY_PHASE_STRIP = NO;
				DEBUG_INFORMATION_FORMAT = dwarf;
				ENABLE_STRICT_OBJC_MSGSEND = YES;
				ENABLE_TESTABILITY = YES;
				GCC_C_LANGUAGE_STANDARD = gnu11;
				GCC_DYNAMIC_NO_PIC = NO;
				GCC_NO_COMMON_BLOCKS = YES;
				GCC_OPTIMIZATION_LEVEL = 0;
				GCC_PREPROCESSOR_DEFINITIONS = (
					"DEBUG=1",
					"$(inherited)",
				);
				GCC_WARN_64_TO_32_BIT_CONVERSION = YES;
				GCC_WARN_ABOUT_RETURN_TYPE = YES_ERROR;
				GCC_WARN_UNDECLARED_SELECTOR = YES;
				GCC_WARN_UNINITIALIZED_AUTOS = YES_AGGRESSIVE;
				GCC_WARN_UNUSED_FUNCTION = YES;
				GCC_WARN_UNUSED_VARIABLE = YES;
				IPHONEOS_DEPLOYMENT_TARGET = 15.2;
				MTL_ENABLE_DEBUG_INFO = INCLUDE_SOURCE;
				MTL_FAST_MATH = YES;
				ONLY_ACTIVE_ARCH = YES;
				SDKROOT = iphoneos;
				SWIFT_ACTIVE_COMPILATION_CONDITIONS = DEBUG;
				SWIFT_OPTIMIZATION_LEVEL = "-Onone";
			};
			name = Debug;
		};
		EA7881A527C88FEF00E3A712 /* Release */ = {
			isa = XCBuildConfiguration;
			buildSettings = {
				ALWAYS_SEARCH_USER_PATHS = NO;
				CLANG_ANALYZER_NONNULL = YES;
				CLANG_ANALYZER_NUMBER_OBJECT_CONVERSION = YES_AGGRESSIVE;
				CLANG_CXX_LANGUAGE_STANDARD = "gnu++17";
				CLANG_CXX_LIBRARY = "libc++";
				CLANG_ENABLE_MODULES = YES;
				CLANG_ENABLE_OBJC_ARC = YES;
				CLANG_ENABLE_OBJC_WEAK = YES;
				CLANG_WARN_BLOCK_CAPTURE_AUTORELEASING = YES;
				CLANG_WARN_BOOL_CONVERSION = YES;
				CLANG_WARN_COMMA = YES;
				CLANG_WARN_CONSTANT_CONVERSION = YES;
				CLANG_WARN_DEPRECATED_OBJC_IMPLEMENTATIONS = YES;
				CLANG_WARN_DIRECT_OBJC_ISA_USAGE = YES_ERROR;
				CLANG_WARN_DOCUMENTATION_COMMENTS = YES;
				CLANG_WARN_EMPTY_BODY = YES;
				CLANG_WARN_ENUM_CONVERSION = YES;
				CLANG_WARN_INFINITE_RECURSION = YES;
				CLANG_WARN_INT_CONVERSION = YES;
				CLANG_WARN_NON_LITERAL_NULL_CONVERSION = YES;
				CLANG_WARN_OBJC_IMPLICIT_RETAIN_SELF = YES;
				CLANG_WARN_OBJC_LITERAL_CONVERSION = YES;
				CLANG_WARN_OBJC_ROOT_CLASS = YES_ERROR;
				CLANG_WARN_QUOTED_INCLUDE_IN_FRAMEWORK_HEADER = YES;
				CLANG_WARN_RANGE_LOOP_ANALYSIS = YES;
				CLANG_WARN_STRICT_PROTOTYPES = YES;
				CLANG_WARN_SUSPICIOUS_MOVE = YES;
				CLANG_WARN_UNGUARDED_AVAILABILITY = YES_AGGRESSIVE;
				CLANG_WARN_UNREACHABLE_CODE = YES;
				CLANG_WARN__DUPLICATE_METHOD_MATCH = YES;
				COPY_PHASE_STRIP = NO;
				DEBUG_INFORMATION_FORMAT = "dwarf-with-dsym";
				ENABLE_NS_ASSERTIONS = NO;
				ENABLE_STRICT_OBJC_MSGSEND = YES;
				GCC_C_LANGUAGE_STANDARD = gnu11;
				GCC_NO_COMMON_BLOCKS = YES;
				GCC_WARN_64_TO_32_BIT_CONVERSION = YES;
				GCC_WARN_ABOUT_RETURN_TYPE = YES_ERROR;
				GCC_WARN_UNDECLARED_SELECTOR = YES;
				GCC_WARN_UNINITIALIZED_AUTOS = YES_AGGRESSIVE;
				GCC_WARN_UNUSED_FUNCTION = YES;
				GCC_WARN_UNUSED_VARIABLE = YES;
				IPHONEOS_DEPLOYMENT_TARGET = 15.2;
				MTL_ENABLE_DEBUG_INFO = NO;
				MTL_FAST_MATH = YES;
				SDKROOT = iphoneos;
				SWIFT_COMPILATION_MODE = wholemodule;
				SWIFT_OPTIMIZATION_LEVEL = "-O";
				VALIDATE_PRODUCT = YES;
			};
			name = Release;
		};
		EA7881A727C88FEF00E3A712 /* Debug */ = {
			isa = XCBuildConfiguration;
			buildSettings = {
				ASSETCATALOG_COMPILER_APPICON_NAME = AppIcon;
				ASSETCATALOG_COMPILER_GLOBAL_ACCENT_COLOR_NAME = AccentColor;
				CODE_SIGN_STYLE = Automatic;
				CURRENT_PROJECT_VERSION = 1;
				DEVELOPMENT_TEAM = 3D9K4J9N8V;
				GENERATE_INFOPLIST_FILE = YES;
				INFOPLIST_FILE = Flix/Info.plist;
				INFOPLIST_KEY_UIApplicationSupportsIndirectInputEvents = YES;
				INFOPLIST_KEY_UILaunchStoryboardName = LaunchScreen;
				INFOPLIST_KEY_UIMainStoryboardFile = Main;
				INFOPLIST_KEY_UISupportedInterfaceOrientations_iPad = "UIInterfaceOrientationPortrait UIInterfaceOrientationPortraitUpsideDown UIInterfaceOrientationLandscapeLeft UIInterfaceOrientationLandscapeRight";
				INFOPLIST_KEY_UISupportedInterfaceOrientations_iPhone = "UIInterfaceOrientationPortrait UIInterfaceOrientationLandscapeLeft UIInterfaceOrientationLandscapeRight";
				LD_RUNPATH_SEARCH_PATHS = (
					"$(inherited)",
					"@executable_path/Frameworks",
				);
				MARKETING_VERSION = 1.0;
				PRODUCT_BUNDLE_IDENTIFIER = com.codepath.Flix6190;
				PRODUCT_NAME = "$(TARGET_NAME)";
				SWIFT_EMIT_LOC_STRINGS = YES;
				SWIFT_VERSION = 5.0;
				TARGETED_DEVICE_FAMILY = "1,2";
			};
			name = Debug;
		};
		EA7881A827C88FEF00E3A712 /* Release */ = {
			isa = XCBuildConfiguration;
			buildSettings = {
				ASSETCATALOG_COMPILER_APPICON_NAME = AppIcon;
				ASSETCATALOG_COMPILER_GLOBAL_ACCENT_COLOR_NAME = AccentColor;
				CODE_SIGN_STYLE = Automatic;
				CURRENT_PROJECT_VERSION = 1;
				DEVELOPMENT_TEAM = 3D9K4J9N8V;
				GENERATE_INFOPLIST_FILE = YES;
				INFOPLIST_FILE = Flix/Info.plist;
				INFOPLIST_KEY_UIApplicationSupportsIndirectInputEvents = YES;
				INFOPLIST_KEY_UILaunchStoryboardName = LaunchScreen;
				INFOPLIST_KEY_UIMainStoryboardFile = Main;
				INFOPLIST_KEY_UISupportedInterfaceOrientations_iPad = "UIInterfaceOrientationPortrait UIInterfaceOrientationPortraitUpsideDown UIInterfaceOrientationLandscapeLeft UIInterfaceOrientationLandscapeRight";
				INFOPLIST_KEY_UISupportedInterfaceOrientations_iPhone = "UIInterfaceOrientationPortrait UIInterfaceOrientationLandscapeLeft UIInterfaceOrientationLandscapeRight";
				LD_RUNPATH_SEARCH_PATHS = (
					"$(inherited)",
					"@executable_path/Frameworks",
				);
				MARKETING_VERSION = 1.0;
				PRODUCT_BUNDLE_IDENTIFIER = com.codepath.Flix6190;
				PRODUCT_NAME = "$(TARGET_NAME)";
				SWIFT_EMIT_LOC_STRINGS = YES;
				SWIFT_VERSION = 5.0;
				TARGETED_DEVICE_FAMILY = "1,2";
			};
			name = Release;
		};
		EA7881AA27C88FEF00E3A712 /* Debug */ = {
			isa = XCBuildConfiguration;
			buildSettings = {
				ALWAYS_EMBED_SWIFT_STANDARD_LIBRARIES = YES;
				BUNDLE_LOADER = "$(TEST_HOST)";
				CODE_SIGN_STYLE = Automatic;
				CURRENT_PROJECT_VERSION = 1;
				GENERATE_INFOPLIST_FILE = YES;
				IPHONEOS_DEPLOYMENT_TARGET = 15.2;
				MARKETING_VERSION = 1.0;
				PRODUCT_BUNDLE_IDENTIFIER = com.codepath.FlixTests;
				PRODUCT_NAME = "$(TARGET_NAME)";
				SWIFT_EMIT_LOC_STRINGS = NO;
				SWIFT_VERSION = 5.0;
				TARGETED_DEVICE_FAMILY = "1,2";
				TEST_HOST = "$(BUILT_PRODUCTS_DIR)/Flix.app/Flix";
			};
			name = Debug;
		};
		EA7881AB27C88FEF00E3A712 /* Release */ = {
			isa = XCBuildConfiguration;
			buildSettings = {
				ALWAYS_EMBED_SWIFT_STANDARD_LIBRARIES = YES;
				BUNDLE_LOADER = "$(TEST_HOST)";
				CODE_SIGN_STYLE = Automatic;
				CURRENT_PROJECT_VERSION = 1;
				GENERATE_INFOPLIST_FILE = YES;
				IPHONEOS_DEPLOYMENT_TARGET = 15.2;
				MARKETING_VERSION = 1.0;
				PRODUCT_BUNDLE_IDENTIFIER = com.codepath.FlixTests;
				PRODUCT_NAME = "$(TARGET_NAME)";
				SWIFT_EMIT_LOC_STRINGS = NO;
				SWIFT_VERSION = 5.0;
				TARGETED_DEVICE_FAMILY = "1,2";
				TEST_HOST = "$(BUILT_PRODUCTS_DIR)/Flix.app/Flix";
			};
			name = Release;
		};
		EA7881AD27C88FEF00E3A712 /* Debug */ = {
			isa = XCBuildConfiguration;
			buildSettings = {
				ALWAYS_EMBED_SWIFT_STANDARD_LIBRARIES = YES;
				CODE_SIGN_STYLE = Automatic;
				CURRENT_PROJECT_VERSION = 1;
				GENERATE_INFOPLIST_FILE = YES;
				MARKETING_VERSION = 1.0;
				PRODUCT_BUNDLE_IDENTIFIER = com.codepath.FlixUITests;
				PRODUCT_NAME = "$(TARGET_NAME)";
				SWIFT_EMIT_LOC_STRINGS = NO;
				SWIFT_VERSION = 5.0;
				TARGETED_DEVICE_FAMILY = "1,2";
				TEST_TARGET_NAME = Flix;
			};
			name = Debug;
		};
		EA7881AE27C88FEF00E3A712 /* Release */ = {
			isa = XCBuildConfiguration;
			buildSettings = {
				ALWAYS_EMBED_SWIFT_STANDARD_LIBRARIES = YES;
				CODE_SIGN_STYLE = Automatic;
				CURRENT_PROJECT_VERSION = 1;
				GENERATE_INFOPLIST_FILE = YES;
				MARKETING_VERSION = 1.0;
				PRODUCT_BUNDLE_IDENTIFIER = com.codepath.FlixUITests;
				PRODUCT_NAME = "$(TARGET_NAME)";
				SWIFT_EMIT_LOC_STRINGS = NO;
				SWIFT_VERSION = 5.0;
				TARGETED_DEVICE_FAMILY = "1,2";
				TEST_TARGET_NAME = Flix;
			};
			name = Release;
		};
/* End XCBuildConfiguration section */

/* Begin XCConfigurationList section */
		EA78817727C88FEB00E3A712 /* Build configuration list for PBXProject "Flix" */ = {
			isa = XCConfigurationList;
			buildConfigurations = (
				EA7881A427C88FEF00E3A712 /* Debug */,
				EA7881A527C88FEF00E3A712 /* Release */,
			);
			defaultConfigurationIsVisible = 0;
			defaultConfigurationName = Release;
		};
		EA7881A627C88FEF00E3A712 /* Build configuration list for PBXNativeTarget "Flix" */ = {
			isa = XCConfigurationList;
			buildConfigurations = (
				EA7881A727C88FEF00E3A712 /* Debug */,
				EA7881A827C88FEF00E3A712 /* Release */,
			);
			defaultConfigurationIsVisible = 0;
			defaultConfigurationName = Release;
		};
		EA7881A927C88FEF00E3A712 /* Build configuration list for PBXNativeTarget "FlixTests" */ = {
			isa = XCConfigurationList;
			buildConfigurations = (
				EA7881AA27C88FEF00E3A712 /* Debug */,
				EA7881AB27C88FEF00E3A712 /* Release */,
			);
			defaultConfigurationIsVisible = 0;
			defaultConfigurationName = Release;
		};
		EA7881AC27C88FEF00E3A712 /* Build configuration list for PBXNativeTarget "FlixUITests" */ = {
			isa = XCConfigurationList;
			buildConfigurations = (
				EA7881AD27C88FEF00E3A712 /* Debug */,
				EA7881AE27C88FEF00E3A712 /* Release */,
			);
			defaultConfigurationIsVisible = 0;
			defaultConfigurationName = Release;
		};
/* End XCConfigurationList section */

/* Begin XCRemoteSwiftPackageReference section */
		EA99037D27C9E70E00A46F39 /* XCRemoteSwiftPackageReference "AlamofireImage" */ = {
			isa = XCRemoteSwiftPackageReference;
			repositoryURL = "https://github.com/Alamofire/AlamofireImage";
			requirement = {
				kind = upToNextMajorVersion;
				minimumVersion = 4.0.0;
			};
		};
/* End XCRemoteSwiftPackageReference section */

/* Begin XCSwiftPackageProductDependency section */
		EA99037E27C9E70E00A46F39 /* AlamofireImage */ = {
			isa = XCSwiftPackageProductDependency;
			package = EA99037D27C9E70E00A46F39 /* XCRemoteSwiftPackageReference "AlamofireImage" */;
			productName = AlamofireImage;
		};
/* End XCSwiftPackageProductDependency section */
	};
	rootObject = EA78817427C88FEB00E3A712 /* Project object */;
}
